github.com/ChanatpakornS/Golang-private-modules-demo v0.0.0-20250622175046-4f7c61bcc7b2 h1:03Cy3QBriGl+gacAO/53YLxsQKCCH14WJ1v3b19fqPQ=
github.com/ChanatpakornS/Golang-private-modules-demo v0.0.0-20250622175046-4f7c61bcc7b2/go.mod h1:0UdMSfKydSCBYppLa0MGDolzdmb6Aah8HSA+etCpUjA=
github.com/ChanatpakornS/Golang-private-modules-demo v0.0.0-20250622181001-75d4d7bd868d h1:rHbPX+ezUatVZmYWazvLDEpAT4HrLRFnbEW5MQVzLU4=
github.com/ChanatpakornS/Golang-private-modules-demo v0.0.0-20250622181001-75d4d7bd868d/go.mod h1:0UdMSfKydSCBYppLa0MGDolzdmb6Aah8HSA+etCpUjA=
